
Microsoft Visual Studio Solution File, Format Version 12.00
# Visual Studio Version 17
VisualStudioVersion = 17.7.34202.233
MinimumVisualStudioVersion = 10.0.40219.1
Project("{FAE04EC0-301F-11D3-BF4B-00C04F79EFBC}") = "aplikacjakonsolowa1", "aplikacjakonsolowa1.csproj", "{747653AC-A20E-4A02-B6D2-9D556B287F23}"
EndProject
Global
	GlobalSection(SolutionConfigurationPlatforms) = preSolution
		Debug|Any CPU = Debug|Any CPU
		Release|Any CPU = Release|Any CPU
	EndGlobalSection
	GlobalSection(ProjectConfigurationPlatforms) = postSolution
		{747653AC-A20E-4A02-B6D2-9D556B287F23}.Debug|Any CPU.ActiveCfg = Debug|Any CPU
		{747653AC-A20E-4A02-B6D2-9D556B287F23}.Debug|Any CPU.Build.0 = Debug|Any CPU
		{747653AC-A20E-4A02-B6D2-9D556B287F23}.Release|Any CPU.ActiveCfg = Release|Any CPU
		{747653AC-A20E-4A02-B6D2-9D556B287F23}.Release|Any CPU.Build.0 = Release|Any CPU
	EndGlobalSection
	GlobalSection(SolutionProperties) = preSolution
		HideSolutionNode = FALSE
	EndGlobalSection
	GlobalSection(ExtensibilityGlobals) = postSolution
		SolutionGuid = {85E22926-95D8-47AE-BA09-FBED84718673}
	EndGlobalSection
EndGlobal
